
Microsoft Visual Studio Solution File, Format Version 12.00
# Visual Studio 15
VisualStudioVersion = 15.0.26430.13
MinimumVisualStudioVersion = 10.0.40219.1
Project("{FAE04EC0-301F-11D3-BF4B-00C04F79EFBC}") = "ChangeNumbersOutput", "DEV-1\ChangeNumbersOutput\ChangeNumbersOutput\ChangeNumbersOutput.csproj", "{10301F94-95D9-4C89-8D0C-22A637249C3F}"
EndProject
Project("{FAE04EC0-301F-11D3-BF4B-00C04F79EFBC}") = "NondecreasingSequence", "DEV-4\NondecreasingSequence\NondecreasingSequence.csproj", "{C1B78646-AB28-4ED5-9954-8DBDDAEC404D}"
EndProject
Project("{FAE04EC0-301F-11D3-BF4B-00C04F79EFBC}") = "FibonacciNumbers", "DEV-3\FibonacciNumbers\FibonacciNumbers.csproj", "{E1D48B9F-5319-4FAB-B6D0-2F49E504F8C6}"
EndProject
Project("{FAE04EC0-301F-11D3-BF4B-00C04F79EFBC}") = "TriangleType", "DEV-7\TriangleType\TriangleType.csproj", "{906405D9-88A8-4699-BEE2-48DFC52154C7}"
EndProject
Global
	GlobalSection(SolutionConfigurationPlatforms) = preSolution
		Debug|Any CPU = Debug|Any CPU
		Release|Any CPU = Release|Any CPU
	EndGlobalSection
	GlobalSection(ProjectConfigurationPlatforms) = postSolution
		{10301F94-95D9-4C89-8D0C-22A637249C3F}.Debug|Any CPU.ActiveCfg = Debug|Any CPU
		{10301F94-95D9-4C89-8D0C-22A637249C3F}.Debug|Any CPU.Build.0 = Debug|Any CPU
		{10301F94-95D9-4C89-8D0C-22A637249C3F}.Release|Any CPU.ActiveCfg = Release|Any CPU
		{10301F94-95D9-4C89-8D0C-22A637249C3F}.Release|Any CPU.Build.0 = Release|Any CPU
		{C1B78646-AB28-4ED5-9954-8DBDDAEC404D}.Debug|Any CPU.ActiveCfg = Debug|Any CPU
		{C1B78646-AB28-4ED5-9954-8DBDDAEC404D}.Debug|Any CPU.Build.0 = Debug|Any CPU
		{C1B78646-AB28-4ED5-9954-8DBDDAEC404D}.Release|Any CPU.ActiveCfg = Release|Any CPU
		{C1B78646-AB28-4ED5-9954-8DBDDAEC404D}.Release|Any CPU.Build.0 = Release|Any CPU
		{E1D48B9F-5319-4FAB-B6D0-2F49E504F8C6}.Debug|Any CPU.ActiveCfg = Debug|Any CPU
		{E1D48B9F-5319-4FAB-B6D0-2F49E504F8C6}.Debug|Any CPU.Build.0 = Debug|Any CPU
		{E1D48B9F-5319-4FAB-B6D0-2F49E504F8C6}.Release|Any CPU.ActiveCfg = Release|Any CPU
		{E1D48B9F-5319-4FAB-B6D0-2F49E504F8C6}.Release|Any CPU.Build.0 = Release|Any CPU
		{906405D9-88A8-4699-BEE2-48DFC52154C7}.Debug|Any CPU.ActiveCfg = Debug|Any CPU
		{906405D9-88A8-4699-BEE2-48DFC52154C7}.Debug|Any CPU.Build.0 = Debug|Any CPU
		{906405D9-88A8-4699-BEE2-48DFC52154C7}.Release|Any CPU.ActiveCfg = Release|Any CPU
		{906405D9-88A8-4699-BEE2-48DFC52154C7}.Release|Any CPU.Build.0 = Release|Any CPU
	EndGlobalSection
	GlobalSection(SolutionProperties) = preSolution
		HideSolutionNode = FALSE
	EndGlobalSection
EndGlobal
