
Microsoft Visual Studio Solution File, Format Version 12.00
# Visual Studio 15
VisualStudioVersion = 15.0.26730.15
MinimumVisualStudioVersion = 10.0.40219.1
Project("{FAE04EC0-301F-11D3-BF4B-00C04F79EFBC}") = "NondecreasingSequence", "DEV-4\NondecreasingSequence\NondecreasingSequence.csproj", "{C1B78646-AB28-4ED5-9954-8DBDDAEC404D}"
EndProject
Project("{FAE04EC0-301F-11D3-BF4B-00C04F79EFBC}") = "FibonacciNumbers", "DEV-3\FibonacciNumbers\FibonacciNumbers.csproj", "{E1D48B9F-5319-4FAB-B6D0-2F49E504F8C6}"
EndProject
Project("{FAE04EC0-301F-11D3-BF4B-00C04F79EFBC}") = "TriangleType", "DEV-7\TriangleType\TriangleType.csproj", "{906405D9-88A8-4699-BEE2-48DFC52154C7}"
EndProject
Project("{FAE04EC0-301F-11D3-BF4B-00C04F79EFBC}") = "ChangeNumbersOutput", "DEV-1\ChangeNumbersOutput\ChangeNumbersOutput.csproj", "{10301F94-95D9-4C89-8D0C-22A637249C3F}"
EndProject
Project("{FAE04EC0-301F-11D3-BF4B-00C04F79EFBC}") = "FloatArrays", "DEV-10\FloatArrays\FloatArrays.csproj", "{13D1ABA7-DE4F-4825-ADA4-186A291FB552}"
EndProject
Project("{FAE04EC0-301F-11D3-BF4B-00C04F79EFBC}") = "SymbolReplacementInStrings", "DEV-9\SymbolReplacementInStrings\SymbolReplacementInStrings.csproj", "{FB1DA8AB-FF8B-49D7-9C36-18E1D6EECB8E}"
EndProject
Project("{FAE04EC0-301F-11D3-BF4B-00C04F79EFBC}") = "Shop", "DEV-8\Shop\Shop.csproj", "{E4FB1B01-6F2A-4736-A55A-37251FD4E201}"
EndProject
Project("{FAE04EC0-301F-11D3-BF4B-00C04F79EFBC}") = "Shop.Tests", "DEV-8\Shop.Tests\Shop.Tests.csproj", "{668666E4-6EDC-43EB-8D37-BA546245E38C}"
EndProject
Project("{FAE04EC0-301F-11D3-BF4B-00C04F79EFBC}") = "ITCompany", "DEV-13\ITCompany\ITCompany.csproj", "{B8BB673D-6D2A-46CA-B124-3A9C6DB6A5E0}"
EndProject
Global
	GlobalSection(SolutionConfigurationPlatforms) = preSolution
		Debug|Any CPU = Debug|Any CPU
		Release|Any CPU = Release|Any CPU
	EndGlobalSection
	GlobalSection(ProjectConfigurationPlatforms) = postSolution
		{C1B78646-AB28-4ED5-9954-8DBDDAEC404D}.Debug|Any CPU.ActiveCfg = Debug|Any CPU
		{C1B78646-AB28-4ED5-9954-8DBDDAEC404D}.Debug|Any CPU.Build.0 = Debug|Any CPU
		{C1B78646-AB28-4ED5-9954-8DBDDAEC404D}.Release|Any CPU.ActiveCfg = Release|Any CPU
		{C1B78646-AB28-4ED5-9954-8DBDDAEC404D}.Release|Any CPU.Build.0 = Release|Any CPU
		{E1D48B9F-5319-4FAB-B6D0-2F49E504F8C6}.Debug|Any CPU.ActiveCfg = Debug|Any CPU
		{E1D48B9F-5319-4FAB-B6D0-2F49E504F8C6}.Debug|Any CPU.Build.0 = Debug|Any CPU
		{E1D48B9F-5319-4FAB-B6D0-2F49E504F8C6}.Release|Any CPU.ActiveCfg = Release|Any CPU
		{E1D48B9F-5319-4FAB-B6D0-2F49E504F8C6}.Release|Any CPU.Build.0 = Release|Any CPU
		{906405D9-88A8-4699-BEE2-48DFC52154C7}.Debug|Any CPU.ActiveCfg = Debug|Any CPU
		{906405D9-88A8-4699-BEE2-48DFC52154C7}.Debug|Any CPU.Build.0 = Debug|Any CPU
		{906405D9-88A8-4699-BEE2-48DFC52154C7}.Release|Any CPU.ActiveCfg = Release|Any CPU
		{906405D9-88A8-4699-BEE2-48DFC52154C7}.Release|Any CPU.Build.0 = Release|Any CPU
		{10301F94-95D9-4C89-8D0C-22A637249C3F}.Debug|Any CPU.ActiveCfg = Debug|Any CPU
		{10301F94-95D9-4C89-8D0C-22A637249C3F}.Debug|Any CPU.Build.0 = Debug|Any CPU
		{10301F94-95D9-4C89-8D0C-22A637249C3F}.Release|Any CPU.ActiveCfg = Release|Any CPU
		{10301F94-95D9-4C89-8D0C-22A637249C3F}.Release|Any CPU.Build.0 = Release|Any CPU
		{13D1ABA7-DE4F-4825-ADA4-186A291FB552}.Debug|Any CPU.ActiveCfg = Debug|Any CPU
		{13D1ABA7-DE4F-4825-ADA4-186A291FB552}.Debug|Any CPU.Build.0 = Debug|Any CPU
		{13D1ABA7-DE4F-4825-ADA4-186A291FB552}.Release|Any CPU.ActiveCfg = Release|Any CPU
		{13D1ABA7-DE4F-4825-ADA4-186A291FB552}.Release|Any CPU.Build.0 = Release|Any CPU
		{FB1DA8AB-FF8B-49D7-9C36-18E1D6EECB8E}.Debug|Any CPU.ActiveCfg = Debug|Any CPU
		{FB1DA8AB-FF8B-49D7-9C36-18E1D6EECB8E}.Debug|Any CPU.Build.0 = Debug|Any CPU
		{FB1DA8AB-FF8B-49D7-9C36-18E1D6EECB8E}.Release|Any CPU.ActiveCfg = Release|Any CPU
		{FB1DA8AB-FF8B-49D7-9C36-18E1D6EECB8E}.Release|Any CPU.Build.0 = Release|Any CPU
		{E4FB1B01-6F2A-4736-A55A-37251FD4E201}.Debug|Any CPU.ActiveCfg = Debug|Any CPU
		{E4FB1B01-6F2A-4736-A55A-37251FD4E201}.Debug|Any CPU.Build.0 = Debug|Any CPU
		{E4FB1B01-6F2A-4736-A55A-37251FD4E201}.Release|Any CPU.ActiveCfg = Release|Any CPU
		{E4FB1B01-6F2A-4736-A55A-37251FD4E201}.Release|Any CPU.Build.0 = Release|Any CPU
		{668666E4-6EDC-43EB-8D37-BA546245E38C}.Debug|Any CPU.ActiveCfg = Debug|Any CPU
		{668666E4-6EDC-43EB-8D37-BA546245E38C}.Debug|Any CPU.Build.0 = Debug|Any CPU
		{668666E4-6EDC-43EB-8D37-BA546245E38C}.Release|Any CPU.ActiveCfg = Release|Any CPU
		{668666E4-6EDC-43EB-8D37-BA546245E38C}.Release|Any CPU.Build.0 = Release|Any CPU
		{B8BB673D-6D2A-46CA-B124-3A9C6DB6A5E0}.Debug|Any CPU.ActiveCfg = Debug|Any CPU
		{B8BB673D-6D2A-46CA-B124-3A9C6DB6A5E0}.Debug|Any CPU.Build.0 = Debug|Any CPU
		{B8BB673D-6D2A-46CA-B124-3A9C6DB6A5E0}.Release|Any CPU.ActiveCfg = Release|Any CPU
		{B8BB673D-6D2A-46CA-B124-3A9C6DB6A5E0}.Release|Any CPU.Build.0 = Release|Any CPU
	EndGlobalSection
	GlobalSection(SolutionProperties) = preSolution
		HideSolutionNode = FALSE
	EndGlobalSection
	GlobalSection(ExtensibilityGlobals) = postSolution
		SolutionGuid = {5F15E2D4-E8A5-4B1A-96BC-B3B16EF04DEB}
	EndGlobalSection
EndGlobal
