
Microsoft Visual Studio Solution File, Format Version 12.00
# Visual Studio 15
VisualStudioVersion = 15.0.26730.15
MinimumVisualStudioVersion = 10.0.40219.1
Project("{FAE04EC0-301F-11D3-BF4B-00C04F79EFBC}") = "SeaBattle", "SeaBattle.csproj", "{AC375033-3CEF-4565-9E43-3F69E95EBE04}"
EndProject
Project("{FAE04EC0-301F-11D3-BF4B-00C04F79EFBC}") = "SeaBattle.Tests", "..\SeaBattle.Tests\SeaBattle.Tests.csproj", "{8AFD79A8-6816-4432-80E3-683637776EED}"
EndProject
Global
	GlobalSection(SolutionConfigurationPlatforms) = preSolution
		Debug|Any CPU = Debug|Any CPU
		Release|Any CPU = Release|Any CPU
	EndGlobalSection
	GlobalSection(ProjectConfigurationPlatforms) = postSolution
		{AC375033-3CEF-4565-9E43-3F69E95EBE04}.Debug|Any CPU.ActiveCfg = Debug|Any CPU
		{AC375033-3CEF-4565-9E43-3F69E95EBE04}.Debug|Any CPU.Build.0 = Debug|Any CPU
		{AC375033-3CEF-4565-9E43-3F69E95EBE04}.Release|Any CPU.ActiveCfg = Release|Any CPU
		{AC375033-3CEF-4565-9E43-3F69E95EBE04}.Release|Any CPU.Build.0 = Release|Any CPU
		{8AFD79A8-6816-4432-80E3-683637776EED}.Debug|Any CPU.ActiveCfg = Debug|Any CPU
		{8AFD79A8-6816-4432-80E3-683637776EED}.Debug|Any CPU.Build.0 = Debug|Any CPU
		{8AFD79A8-6816-4432-80E3-683637776EED}.Release|Any CPU.ActiveCfg = Release|Any CPU
		{8AFD79A8-6816-4432-80E3-683637776EED}.Release|Any CPU.Build.0 = Release|Any CPU
	EndGlobalSection
	GlobalSection(SolutionProperties) = preSolution
		HideSolutionNode = FALSE
	EndGlobalSection
	GlobalSection(ExtensibilityGlobals) = postSolution
		SolutionGuid = {8FC3582D-1FE7-4C32-A53D-4BEC20B9AE62}
	EndGlobalSection
EndGlobal
