
Microsoft Visual Studio Solution File, Format Version 12.00
# Visual Studio 15
VisualStudioVersion = 15.0.26730.15
MinimumVisualStudioVersion = 10.0.40219.1
Project("{FAE04EC0-301F-11D3-BF4B-00C04F79EFBC}") = "PathValidation", "PathValidation\PathValidation.csproj", "{B33FD229-BB56-4F5B-BA71-8290E7302419}"
EndProject
Project("{FAE04EC0-301F-11D3-BF4B-00C04F79EFBC}") = "PathValidation.Tests", "..\PathValidation.Tests\PathValidation.Tests.csproj", "{FEE251D8-56D2-4777-82C0-016CB0887ACA}"
EndProject
Global
	GlobalSection(SolutionConfigurationPlatforms) = preSolution
		Debug|Any CPU = Debug|Any CPU
		Release|Any CPU = Release|Any CPU
	EndGlobalSection
	GlobalSection(ProjectConfigurationPlatforms) = postSolution
		{B33FD229-BB56-4F5B-BA71-8290E7302419}.Debug|Any CPU.ActiveCfg = Debug|Any CPU
		{B33FD229-BB56-4F5B-BA71-8290E7302419}.Debug|Any CPU.Build.0 = Debug|Any CPU
		{B33FD229-BB56-4F5B-BA71-8290E7302419}.Release|Any CPU.ActiveCfg = Release|Any CPU
		{B33FD229-BB56-4F5B-BA71-8290E7302419}.Release|Any CPU.Build.0 = Release|Any CPU
		{FEE251D8-56D2-4777-82C0-016CB0887ACA}.Debug|Any CPU.ActiveCfg = Debug|Any CPU
		{FEE251D8-56D2-4777-82C0-016CB0887ACA}.Debug|Any CPU.Build.0 = Debug|Any CPU
		{FEE251D8-56D2-4777-82C0-016CB0887ACA}.Release|Any CPU.ActiveCfg = Release|Any CPU
		{FEE251D8-56D2-4777-82C0-016CB0887ACA}.Release|Any CPU.Build.0 = Release|Any CPU
	EndGlobalSection
	GlobalSection(SolutionProperties) = preSolution
		HideSolutionNode = FALSE
	EndGlobalSection
	GlobalSection(ExtensibilityGlobals) = postSolution
		SolutionGuid = {CEE4E500-7334-4FB9-8836-AED0B466BF96}
	EndGlobalSection
EndGlobal
